
Microsoft Visual Studio Solution File, Format Version 12.00
# Visual Studio Version 16
VisualStudioVersion = 16.0.31402.337
MinimumVisualStudioVersion = 10.0.40219.1
Project("{FAE04EC0-301F-11D3-BF4B-00C04F79EFBC}") = "vm_horiz", "vm_horiz\vm_horiz.csproj", "{C41EEC50-64A7-4738-86ED-099D43CED1CC}"
EndProject
Global
	GlobalSection(SolutionConfigurationPlatforms) = preSolution
		Debug|Any CPU = Debug|Any CPU
		Release|Any CPU = Release|Any CPU
	EndGlobalSection
	GlobalSection(ProjectConfigurationPlatforms) = postSolution
		{C41EEC50-64A7-4738-86ED-099D43CED1CC}.Debug|Any CPU.ActiveCfg = Debug|Any CPU
		{C41EEC50-64A7-4738-86ED-099D43CED1CC}.Debug|Any CPU.Build.0 = Debug|Any CPU
		{C41EEC50-64A7-4738-86ED-099D43CED1CC}.Release|Any CPU.ActiveCfg = Release|Any CPU
		{C41EEC50-64A7-4738-86ED-099D43CED1CC}.Release|Any CPU.Build.0 = Release|Any CPU
	EndGlobalSection
	GlobalSection(SolutionProperties) = preSolution
		HideSolutionNode = FALSE
	EndGlobalSection
	GlobalSection(ExtensibilityGlobals) = postSolution
		SolutionGuid = {29D1E4E7-8195-44A0-967A-79E798B89B65}
	EndGlobalSection
EndGlobal
